# @generated - this file is auto-generated by `mise lock` https://mise.en.dev/dev-tools/mise-lock.html

[[tools.cocoapods]]
version = "1.17.0"
backend = "gem:cocoapods"

[[tools.flutter]]
version = "3.47.5"
backend = "http:flutter"

[tools.flutter."platforms.linux-x64"]
checksum = "sha256:2132e990f236f8d22e7c6314b29a191a95b10d7cbcfec9b4e2e303d996652cbb"
url = "https://storage.googleapis.com/flutter_infra_release/releases/stable/linux/flutter_linux_3.47.5-stable.tar.xz"

[tools.flutter."platforms.macos-arm64"]
checksum = "sha256:d4dd908b5f8f65515831b6d68ae33307a813f2b68947dded7a1994ee5ea7cead"
url = "https://storage.googleapis.com/flutter_infra_release/releases/stable/macos/flutter_macos_arm64_3.47.5-stable.zip"

[tools.flutter."platforms.macos-x64"]
checksum = "sha256:a7893bb0feecd8bd066f4f7e850356f896a6fc3b862e6c506d21c76691a66b72"
url = "https://storage.googleapis.com/flutter_infra_release/releases/stable/macos/flutter_macos_3.47.5-stable.zip"

[[tools.java]]
version = "temurin-17.0.19+10"
backend = "core:java"

[tools.java."platforms.linux-x64"]
checksum = "sha256:d8afc263758141a66e0e3aafc321e783f7016696f4eaea067d340a269037d331"
url = "https://github.com/adoptium/temurin17-binaries/releases/download/jdk-17.0.19%2B10/OpenJDK17U-jdk_x64_linux_hotspot_17.0.19_10.tar.gz"

[tools.java."platforms.macos-arm64"]
checksum = "sha256:8fa1eff40bb637a33613b2ccb8b12c70dc3661cc22cf8e784943715769a05336"
url = "https://github.com/adoptium/temurin17-binaries/releases/download/jdk-17.0.19%2B10/OpenJDK17U-jdk_aarch64_mac_hotspot_17.0.19_10.tar.gz"

[tools.java."platforms.macos-x64"]
checksum = "sha256:03632d1fbf139ab3719a9f4b47dc206251449b87557143c822336dbf8c06560f"
url = "https://github.com/adoptium/temurin17-binaries/releases/download/jdk-17.0.19%2B10/OpenJDK17U-jdk_x64_mac_hotspot_17.0.19_10.tar.gz"

[[tools.just]]
version = "1.57.0"
backend = "aqua:casey/just"

[tools.just."platforms.linux-x64"]
checksum = "sha256:45b548094283cb9739af8f13273b8cddeee869f5b4ef2bb631b1f311cb566155"
url = "https://github.com/casey/just/releases/download/1.57.0/just-1.57.0-x86_64-unknown-linux-musl.tar.gz"

[tools.just."platforms.macos-arm64"]
checksum = "sha256:0381db216c2f97ce31d838a1562c1064dfbfa73f5a8a81581338a2cd9217df47"
url = "https://github.com/casey/just/releases/download/1.57.0/just-1.57.0-aarch64-apple-darwin.tar.gz"

[tools.just."platforms.macos-x64"]
checksum = "sha256:5e6ade3698095576274b2b32cc9e5d467185e8e40b04949004c04cc3d7e962dc"
url = "https://github.com/casey/just/releases/download/1.57.0/just-1.57.0-x86_64-apple-darwin.tar.gz"

[[tools.ruby]]
version = "3.4.10"
backend = "core:ruby"

[tools.ruby.options]
compile = "true"
ruby_build_repo = "https://github.com/rbenv/ruby-build.git"
ruby_install = "false"
