PODS:
  - Flutter (1.0.0)
  - flutter_in_store_app_version_checker (1.4.0):
    - Flutter
  - package_info_plus (0.4.5):
    - Flutter

DEPENDENCIES:
  - Flutter (from `Flutter`)
  - flutter_in_store_app_version_checker (from `.symlinks/plugins/flutter_in_store_app_version_checker/ios`)
  - package_info_plus (from `.symlinks/plugins/package_info_plus/ios`)

EXTERNAL SOURCES:
  Flutter:
    :path: Flutter
  flutter_in_store_app_version_checker:
    :path: ".symlinks/plugins/flutter_in_store_app_version_checker/ios"
  package_info_plus:
    :path: ".symlinks/plugins/package_info_plus/ios"

SPEC CHECKSUMS:
  Flutter: e0871f40cf51350855a761d2e70bf5af5b9b5de7
  flutter_in_store_app_version_checker: 1cfb7a8fba7768a33009cee613919af4b1f8d041
  package_info_plus: c0502532a26c7662a62a356cebe2692ec5fe4ec4

PODFILE CHECKSUM: 819463e6a0290f5a72f145ba7cde16e8b6ef0796

COCOAPODS: 1.16.2
