PODS:
  - Flutter (1.0.0)
  - flutter_in_store_app_version_checker (2.0.0):
    - Flutter
  - package_info_plus (0.4.5):
    - Flutter

DEPENDENCIES:
  - Flutter (from `Flutter`)
  - flutter_in_store_app_version_checker (from `.symlinks/plugins/flutter_in_store_app_version_checker/ios`)
  - package_info_plus (from `.symlinks/plugins/package_info_plus/ios`)

EXTERNAL SOURCES:
  Flutter:
    :path: Flutter
  flutter_in_store_app_version_checker:
    :path: ".symlinks/plugins/flutter_in_store_app_version_checker/ios"
  package_info_plus:
    :path: ".symlinks/plugins/package_info_plus/ios"

SPEC CHECKSUMS:
  Flutter: cabc95a1d2626b1b06e7179b784ebcf0c0cde467
  flutter_in_store_app_version_checker: aa4480853bd4f259bae9a7d26e3e4a8e595b0081
  package_info_plus: c0502532a26c7662a62a356cebe2692ec5fe4ec4

PODFILE CHECKSUM: 3c63482e143d1b91d2d2560aee9fb04ecc74ac7e

COCOAPODS: 1.16.2
